
Microsoft Visual Studio Solution File, Format Version 12.00
# Visual Studio 15
VisualStudioVersion = 15.0.28307.489
MinimumVisualStudioVersion = 10.0.40219.1
Project("{FAE04EC0-301F-11D3-BF4B-00C04F79EFBC}") = "Practico4", "Practico4\Practico4.csproj", "{A6F2DECB-89A7-4289-A138-1B431A9FC8FA}"
EndProject
Global
	GlobalSection(SolutionConfigurationPlatforms) = preSolution
		Debug|Any CPU = Debug|Any CPU
		Release|Any CPU = Release|Any CPU
	EndGlobalSection
	GlobalSection(ProjectConfigurationPlatforms) = postSolution
		{A6F2DECB-89A7-4289-A138-1B431A9FC8FA}.Debug|Any CPU.ActiveCfg = Debug|Any CPU
		{A6F2DECB-89A7-4289-A138-1B431A9FC8FA}.Debug|Any CPU.Build.0 = Debug|Any CPU
		{A6F2DECB-89A7-4289-A138-1B431A9FC8FA}.Release|Any CPU.ActiveCfg = Release|Any CPU
		{A6F2DECB-89A7-4289-A138-1B431A9FC8FA}.Release|Any CPU.Build.0 = Release|Any CPU
	EndGlobalSection
	GlobalSection(SolutionProperties) = preSolution
		HideSolutionNode = FALSE
	EndGlobalSection
	GlobalSection(ExtensibilityGlobals) = postSolution
		SolutionGuid = {CAFF0695-F320-4F7E-9BE1-44C76FA00188}
	EndGlobalSection
EndGlobal
